
Microsoft Visual Studio Solution File, Format Version 12.00
Project("{FAE04EC0-301F-11D3-BF4B-00C04F79EFBC}") = "NotificationService.Api", "NotificationService.Api\NotificationService.Api.csproj", "{2EFFDC44-E0A7-4BF9-89B7-395CC56E619F}"
EndProject
Project("{2150E333-8FDC-42A3-9474-1A3956D46DE8}") = "docker", "docker", "{4EFDE1F3-6DAC-4331-B29D-8C23E9AB8059}"
	ProjectSection(SolutionItems) = preProject
		compose.yaml = compose.yaml
		Dockerfile = Dockerfile
		.dockerignore = .dockerignore
	EndProjectSection
EndProject
Project("{2150E333-8FDC-42A3-9474-1A3956D46DE8}") = "src", "src", "{C8BC2DCA-E6D6-4EA3-9EFC-5040178A09B8}"
EndProject
Project("{2150E333-8FDC-42A3-9474-1A3956D46DE8}") = "Deploy", "Deploy", "{3BE8A95F-B72E-47CF-BD2A-50FBE3DF55B1}"
EndProject
Project("{FAE04EC0-301F-11D3-BF4B-00C04F79EFBC}") = "NotificationService.Data", "NotificationService.Data\NotificationService.Data.csproj", "{6790F6EF-D952-47C6-BFE1-8BF8ED3BA6B0}"
EndProject
Project("{FAE04EC0-301F-11D3-BF4B-00C04F79EFBC}") = "NotificationService.Infrastructure", "NotificationService.Infrastructure\NotificationService.Infrastructure.csproj", "{019703FA-1A77-43E4-AAA9-AFA65678E983}"
EndProject
Project("{FAE04EC0-301F-11D3-BF4B-00C04F79EFBC}") = "NotificationService.Application", "NotificationService.Application\NotificationService.Application.csproj", "{2C97D5B6-6C1E-4E33-9DCD-7ADA302DAAAB}"
EndProject
Project("{2150E333-8FDC-42A3-9474-1A3956D46DE8}") = "Common", "Common", "{CCDDC114-850B-4328-9781-A6EE77B3473D}"
EndProject
Global
	GlobalSection(SolutionConfigurationPlatforms) = preSolution
		Debug|Any CPU = Debug|Any CPU
		Release|Any CPU = Release|Any CPU
	EndGlobalSection
	GlobalSection(ProjectConfigurationPlatforms) = postSolution
		{2EFFDC44-E0A7-4BF9-89B7-395CC56E619F}.Debug|Any CPU.ActiveCfg = Debug|Any CPU
		{2EFFDC44-E0A7-4BF9-89B7-395CC56E619F}.Debug|Any CPU.Build.0 = Debug|Any CPU
		{2EFFDC44-E0A7-4BF9-89B7-395CC56E619F}.Release|Any CPU.ActiveCfg = Release|Any CPU
		{2EFFDC44-E0A7-4BF9-89B7-395CC56E619F}.Release|Any CPU.Build.0 = Release|Any CPU
		{6790F6EF-D952-47C6-BFE1-8BF8ED3BA6B0}.Debug|Any CPU.ActiveCfg = Debug|Any CPU
		{6790F6EF-D952-47C6-BFE1-8BF8ED3BA6B0}.Debug|Any CPU.Build.0 = Debug|Any CPU
		{6790F6EF-D952-47C6-BFE1-8BF8ED3BA6B0}.Release|Any CPU.ActiveCfg = Release|Any CPU
		{6790F6EF-D952-47C6-BFE1-8BF8ED3BA6B0}.Release|Any CPU.Build.0 = Release|Any CPU
		{019703FA-1A77-43E4-AAA9-AFA65678E983}.Debug|Any CPU.ActiveCfg = Debug|Any CPU
		{019703FA-1A77-43E4-AAA9-AFA65678E983}.Debug|Any CPU.Build.0 = Debug|Any CPU
		{019703FA-1A77-43E4-AAA9-AFA65678E983}.Release|Any CPU.ActiveCfg = Release|Any CPU
		{019703FA-1A77-43E4-AAA9-AFA65678E983}.Release|Any CPU.Build.0 = Release|Any CPU
		{2C97D5B6-6C1E-4E33-9DCD-7ADA302DAAAB}.Debug|Any CPU.ActiveCfg = Debug|Any CPU
		{2C97D5B6-6C1E-4E33-9DCD-7ADA302DAAAB}.Debug|Any CPU.Build.0 = Debug|Any CPU
		{2C97D5B6-6C1E-4E33-9DCD-7ADA302DAAAB}.Release|Any CPU.ActiveCfg = Release|Any CPU
		{2C97D5B6-6C1E-4E33-9DCD-7ADA302DAAAB}.Release|Any CPU.Build.0 = Release|Any CPU
	EndGlobalSection
	GlobalSection(NestedProjects) = preSolution
		{2EFFDC44-E0A7-4BF9-89B7-395CC56E619F} = {C8BC2DCA-E6D6-4EA3-9EFC-5040178A09B8}
		{4EFDE1F3-6DAC-4331-B29D-8C23E9AB8059} = {3BE8A95F-B72E-47CF-BD2A-50FBE3DF55B1}
		{6790F6EF-D952-47C6-BFE1-8BF8ED3BA6B0} = {C8BC2DCA-E6D6-4EA3-9EFC-5040178A09B8}
		{019703FA-1A77-43E4-AAA9-AFA65678E983} = {C8BC2DCA-E6D6-4EA3-9EFC-5040178A09B8}
		{2C97D5B6-6C1E-4E33-9DCD-7ADA302DAAAB} = {C8BC2DCA-E6D6-4EA3-9EFC-5040178A09B8}
		{CCDDC114-850B-4328-9781-A6EE77B3473D} = {3BE8A95F-B72E-47CF-BD2A-50FBE3DF55B1}
	EndGlobalSection
EndGlobal
